{
  "name": "conferenceroom",
  "version": "1.0.0",
  "lockfileVersion": 1,
  "requires": true,
  "dependencies": {
    "husky": {
      "version": "7.0.1",
      "resolved": "https://registry.nlark.com/husky/download/husky-7.0.1.tgz",
      "integrity": "sha1-V59BgLXaRSAmPocTzIMpQrSOHxw=",
      "dev": true
    }
  }
}
